// !$*UTF8*$!
{
	archiveVersion = 1;
	classes = {
	};
	objectVersion = 77;
	objects = {

/* Begin PBXBuildFile section */
		C40057D02D3A7B1100D26107 /* TouchDesk - Desktop Canvas.storekit in Resources */ = {isa = PBXBuildFile; fileRef = C40057CF2D3A7B1100D26107 /* TouchDesk - Desktop Canvas.storekit */; };
		C4BB6F902D1D0C2900791CD8 /* RealityKitContent in Frameworks */ = {isa = PBXBuildFile; productRef = C4BB6F8F2D1D0C2900791CD8 /* RealityKitContent */; };
		C4C700092D33ADB9008FD0CC /* Localizable.xcstrings in Resources */ = {isa = PBXBuildFile; fileRef = C4C700082D33ADB9008FD0CC /* Localizable.xcstrings */; };
/* End PBXBuildFile section */

/* Begin PBXContainerItemProxy section */
		C4BB6FA62D1D0C2C00791CD8 /* PBXContainerItemProxy */ = {
			isa = PBXContainerItemProxy;
			containerPortal = C4BB6F822D1D0C2900791CD8 /* Project object */;
			proxyType = 1;
			remoteGlobalIDString = C4BB6F892D1D0C2900791CD8;
			remoteInfo = DeskDraw;
		};
/* End PBXContainerItemProxy section */

/* Begin PBXFileReference section */
		C40057CF2D3A7B1100D26107 /* TouchDesk - Desktop Canvas.storekit */ = {isa = PBXFileReference; lastKnownFileType = text; path = "TouchDesk - Desktop Canvas.storekit"; sourceTree = "<group>"; };
		C4BB6F8A2D1D0C2900791CD8 /* DeskDraw.app */ = {isa = PBXFileReference; explicitFileType = wrapper.application; includeInIndex = 0; path = DeskDraw.app; sourceTree = BUILT_PRODUCTS_DIR; };
		C4BB6F8E2D1D0C2900791CD8 /* RealityKitContent */ = {isa = PBXFileReference; lastKnownFileType = wrapper; path = RealityKitContent; sourceTree = "<group>"; };
		C4BB6FA52D1D0C2C00791CD8 /* DeskDrawTests.xctest */ = {isa = PBXFileReference; explicitFileType = wrapper.cfbundle; includeInIndex = 0; path = DeskDrawTests.xctest; sourceTree = BUILT_PRODUCTS_DIR; };
		C4C700082D33ADB9008FD0CC /* Localizable.xcstrings */ = {isa = PBXFileReference; lastKnownFileType = text.json.xcstrings; path = Localizable.xcstrings; sourceTree = "<group>"; };
/* End PBXFileReference section */

/* Begin PBXFileSystemSynchronizedBuildFileExceptionSet section */
		C4BB6FAB2D1D0C2C00791CD8 /* Exceptions for "DeskDraw" folder in "DeskDraw" target */ = {
			isa = PBXFileSystemSynchronizedBuildFileExceptionSet;
			membershipExceptions = (
				Info.plist,
			);
			target = C4BB6F892D1D0C2900791CD8 /* DeskDraw */;
		};
/* End PBXFileSystemSynchronizedBuildFileExceptionSet section */

/* Begin PBXFileSystemSynchronizedRootGroup section */
		C4BB6F8C2D1D0C2900791CD8 /* DeskDraw */ = {
			isa = PBXFileSystemSynchronizedRootGroup;
			exceptions = (
				C4BB6FAB2D1D0C2C00791CD8 /* Exceptions for "DeskDraw" folder in "DeskDraw" target */,
			);
			path = DeskDraw;
			sourceTree = "<group>";
		};
		C4BB6FA82D1D0C2C00791CD8 /* DeskDrawTests */ = {
			isa = PBXFileSystemSynchronizedRootGroup;
			path = DeskDrawTests;
			sourceTree = "<group>";
		};
/* End PBXFileSystemSynchronizedRootGroup section */

/* Begin PBXFrameworksBuildPhase section */
		C4BB6F872D1D0C2900791CD8 /* Frameworks */ = {
			isa = PBXFrameworksBuildPhase;
			buildActionMask = 2147483647;
			files = (
				C4BB6F902D1D0C2900791CD8 /* RealityKitContent in Frameworks */,
			);
			runOnlyForDeploymentPostprocessing = 0;
		};
		C4BB6FA22D1D0C2C00791CD8 /* Frameworks */ = {
			isa = PBXFrameworksBuildPhase;
			buildActionMask = 2147483647;
			files = (
			);
			runOnlyForDeploymentPostprocessing = 0;
		};
/* End PBXFrameworksBuildPhase section */

/* Begin PBXGroup section */
		C4BB6F812D1D0C2900791CD8 = {
			isa = PBXGroup;
			children = (
				C40057CF2D3A7B1100D26107 /* TouchDesk - Desktop Canvas.storekit */,
				C4C700082D33ADB9008FD0CC /* Localizable.xcstrings */,
				C4BB6F8C2D1D0C2900791CD8 /* DeskDraw */,
				C4BB6F8D2D1D0C2900791CD8 /* Packages */,
				C4BB6FA82D1D0C2C00791CD8 /* DeskDrawTests */,
				C4BB6F8B2D1D0C2900791CD8 /* Products */,
			);
			sourceTree = "<group>";
		};
		C4BB6F8B2D1D0C2900791CD8 /* Products */ = {
			isa = PBXGroup;
			children = (
				C4BB6F8A2D1D0C2900791CD8 /* DeskDraw.app */,
				C4BB6FA52D1D0C2C00791CD8 /* DeskDrawTests.xctest */,
			);
			name = Products;
			sourceTree = "<group>";
		};
		C4BB6F8D2D1D0C2900791CD8 /* Packages */ = {
			isa = PBXGroup;
			children = (
				C4BB6F8E2D1D0C2900791CD8 /* RealityKitContent */,
			);
			path = Packages;
			sourceTree = "<group>";
		};
/* End PBXGroup section */

/* Begin PBXNativeTarget section */
		C4BB6F892D1D0C2900791CD8 /* DeskDraw */ = {
			isa = PBXNativeTarget;
			buildConfigurationList = C4BB6FAC2D1D0C2C00791CD8 /* Build configuration list for PBXNativeTarget "DeskDraw" */;
			buildPhases = (
				C4BB6F862D1D0C2900791CD8 /* Sources */,
				C4BB6F872D1D0C2900791CD8 /* Frameworks */,
				C4BB6F882D1D0C2900791CD8 /* Resources */,
			);
			buildRules = (
			);
			dependencies = (
			);
			fileSystemSynchronizedGroups = (
				C4BB6F8C2D1D0C2900791CD8 /* DeskDraw */,
			);
			name = DeskDraw;
			packageProductDependencies = (
				C4BB6F8F2D1D0C2900791CD8 /* RealityKitContent */,
			);
			productName = DeskDraw;
			productReference = C4BB6F8A2D1D0C2900791CD8 /* DeskDraw.app */;
			productType = "com.apple.product-type.application";
		};
		C4BB6FA42D1D0C2C00791CD8 /* DeskDrawTests */ = {
			isa = PBXNativeTarget;
			buildConfigurationList = C4BB6FB12D1D0C2C00791CD8 /* Build configuration list for PBXNativeTarget "DeskDrawTests" */;
			buildPhases = (
				C4BB6FA12D1D0C2C00791CD8 /* Sources */,
				C4BB6FA22D1D0C2C00791CD8 /* Frameworks */,
				C4BB6FA32D1D0C2C00791CD8 /* Resources */,
			);
			buildRules = (
			);
			dependencies = (
				C4BB6FA72D1D0C2C00791CD8 /* PBXTargetDependency */,
			);
			fileSystemSynchronizedGroups = (
				C4BB6FA82D1D0C2C00791CD8 /* DeskDrawTests */,
			);
			name = DeskDrawTests;
			packageProductDependencies = (
			);
			productName = DeskDrawTests;
			productReference = C4BB6FA52D1D0C2C00791CD8 /* DeskDrawTests.xctest */;
			productType = "com.apple.product-type.bundle.unit-test";
		};
/* End PBXNativeTarget section */

/* Begin PBXProject section */
		C4BB6F822D1D0C2900791CD8 /* Project object */ = {
			isa = PBXProject;
			attributes = {
				BuildIndependentTargetsInParallel = 1;
				LastSwiftUpdateCheck = 1600;
				LastUpgradeCheck = 1600;
				TargetAttributes = {
					C4BB6F892D1D0C2900791CD8 = {
						CreatedOnToolsVersion = 16.0;
					};
					C4BB6FA42D1D0C2C00791CD8 = {
						CreatedOnToolsVersion = 16.0;
						TestTargetID = C4BB6F892D1D0C2900791CD8;
					};
				};
			};
			buildConfigurationList = C4BB6F852D1D0C2900791CD8 /* Build configuration list for PBXProject "DeskDraw" */;
			developmentRegion = en;
			hasScannedForEncodings = 0;
			knownRegions = (
				en,
				Base,
				"zh-Hans",
				"zh-Hant",
				ja,
				fr,
				ko,
				de,
			);
			mainGroup = C4BB6F812D1D0C2900791CD8;
			minimizedProjectReferenceProxies = 1;
			preferredProjectObjectVersion = 77;
			productRefGroup = C4BB6F8B2D1D0C2900791CD8 /* Products */;
			projectDirPath = "";
			projectRoot = "";
			targets = (
				C4BB6F892D1D0C2900791CD8 /* DeskDraw */,
				C4BB6FA42D1D0C2C00791CD8 /* DeskDrawTests */,
			);
		};
/* End PBXProject section */

/* Begin PBXResourcesBuildPhase section */
		C4BB6F882D1D0C2900791CD8 /* Resources */ = {
			isa = PBXResourcesBuildPhase;
			buildActionMask = 2147483647;
			files = (
				C4C700092D33ADB9008FD0CC /* Localizable.xcstrings in Resources */,
				C40057D02D3A7B1100D26107 /* TouchDesk - Desktop Canvas.storekit in Resources */,
			);
			runOnlyForDeploymentPostprocessing = 0;
		};
		C4BB6FA32D1D0C2C00791CD8 /* Resources */ = {
			isa = PBXResourcesBuildPhase;
			buildActionMask = 2147483647;
			files = (
			);
			runOnlyForDeploymentPostprocessing = 0;
		};
/* End PBXResourcesBuildPhase section */

/* Begin PBXSourcesBuildPhase section */
		C4BB6F862D1D0C2900791CD8 /* Sources */ = {
			isa = PBXSourcesBuildPhase;
			buildActionMask = 2147483647;
			files = (
			);
			runOnlyForDeploymentPostprocessing = 0;
		};
		C4BB6FA12D1D0C2C00791CD8 /* Sources */ = {
			isa = PBXSourcesBuildPhase;
			buildActionMask = 2147483647;
			files = (
			);
			runOnlyForDeploymentPostprocessing = 0;
		};
/* End PBXSourcesBuildPhase section */

/* Begin PBXTargetDependency section */
		C4BB6FA72D1D0C2C00791CD8 /* PBXTargetDependency */ = {
			isa = PBXTargetDependency;
			target = C4BB6F892D1D0C2900791CD8 /* DeskDraw */;
			targetProxy = C4BB6FA62D1D0C2C00791CD8 /* PBXContainerItemProxy */;
		};
/* End PBXTargetDependency section */

/* Begin XCBuildConfiguration section */
		C4BB6FAD2D1D0C2C00791CD8 /* Debug */ = {
			isa = XCBuildConfiguration;
			buildSettings = {
				ASSETCATALOG_COMPILER_APPICON_NAME = AppIcon;
				ASSETCATALOG_COMPILER_GLOBAL_ACCENT_COLOR_NAME = AccentColor;
				CODE_SIGN_ENTITLEMENTS = DeskDraw/DeskDraw.entitlements;
				CODE_SIGN_STYLE = Automatic;
				CURRENT_PROJECT_VERSION = 49;
				DEVELOPMENT_ASSET_PATHS = "\"DeskDraw/Preview Content\"";
				DEVELOPMENT_TEAM = 235WS33SGP;
				ENABLE_PREVIEWS = YES;
				GENERATE_INFOPLIST_FILE = YES;
				INFOPLIST_FILE = "$(TARGET_NAME)/Info.plist";
				INFOPLIST_KEY_CFBundleDisplayName = TouchDesk;
				INFOPLIST_KEY_NSPhotoLibraryUsageDescription = "Grant photo access to save the drawing.";
				LD_RUNPATH_SEARCH_PATHS = (
					"$(inherited)",
					"@executable_path/Frameworks",
				);
				MARKETING_VERSION = 1.4.2;
				PRODUCT_BUNDLE_IDENTIFIER = jinhonn.com.DeskDraw;
				PRODUCT_NAME = "$(TARGET_NAME)";
				SUPPORTED_PLATFORMS = "xros xrsimulator";
				SWIFT_EMIT_LOC_STRINGS = YES;
				SWIFT_VERSION = 5.0;
				TARGETED_DEVICE_FAMILY = 7;
			};
			name = Debug;
		};
		C4BB6FAE2D1D0C2C00791CD8 /* Release */ = {
			isa = XCBuildConfiguration;
			buildSettings = {
				ASSETCATALOG_COMPILER_APPICON_NAME = AppIcon;
				ASSETCATALOG_COMPILER_GLOBAL_ACCENT_COLOR_NAME = AccentColor;
				CODE_SIGN_ENTITLEMENTS = DeskDraw/DeskDraw.entitlements;
				CODE_SIGN_STYLE = Automatic;
				CURRENT_PROJECT_VERSION = 49;
				DEVELOPMENT_ASSET_PATHS = "\"DeskDraw/Preview Content\"";
				DEVELOPMENT_TEAM = 235WS33SGP;
				ENABLE_PREVIEWS = YES;
				GENERATE_INFOPLIST_FILE = YES;
				INFOPLIST_FILE = "$(TARGET_NAME)/Info.plist";
				INFOPLIST_KEY_CFBundleDisplayName = TouchDesk;
				INFOPLIST_KEY_NSPhotoLibraryUsageDescription = "Grant photo access to save the drawing.";
				LD_RUNPATH_SEARCH_PATHS = (
					"$(inherited)",
					"@executable_path/Frameworks",
				);
				MARKETING_VERSION = 1.4.2;
				PRODUCT_BUNDLE_IDENTIFIER = jinhonn.com.DeskDraw;
				PRODUCT_NAME = "$(TARGET_NAME)";
				SUPPORTED_PLATFORMS = "xros xrsimulator";
				SWIFT_EMIT_LOC_STRINGS = YES;
				SWIFT_VERSION = 5.0;
				TARGETED_DEVICE_FAMILY = 7;
			};
			name = Release;
		};
		C4BB6FAF2D1D0C2C00791CD8 /* Debug */ = {
			isa = XCBuildConfiguration;
			buildSettings = {
				ALWAYS_SEARCH_USER_PATHS = NO;
				ASSETCATALOG_COMPILER_GENERATE_SWIFT_ASSET_SYMBOL_EXTENSIONS = YES;
				CLANG_ANALYZER_NONNULL = YES;
				CLANG_ANALYZER_NUMBER_OBJECT_CONVERSION = YES_AGGRESSIVE;
				CLANG_CXX_LANGUAGE_STANDARD = "gnu++20";
				CLANG_ENABLE_MODULES = YES;
				CLANG_ENABLE_OBJC_ARC = YES;
				CLANG_ENABLE_OBJC_WEAK = YES;
				CLANG_WARN_BLOCK_CAPTURE_AUTORELEASING = YES;
				CLANG_WARN_BOOL_CONVERSION = YES;
				CLANG_WARN_COMMA = YES;
				CLANG_WARN_CONSTANT_CONVERSION = YES;
				CLANG_WARN_DEPRECATED_OBJC_IMPLEMENTATIONS = YES;
				CLANG_WARN_DIRECT_OBJC_ISA_USAGE = YES_ERROR;
				CLANG_WARN_DOCUMENTATION_COMMENTS = YES;
				CLANG_WARN_EMPTY_BODY = YES;
				CLANG_WARN_ENUM_CONVERSION = YES;
				CLANG_WARN_INFINITE_RECURSION = YES;
				CLANG_WARN_INT_CONVERSION = YES;
				CLANG_WARN_NON_LITERAL_NULL_CONVERSION = YES;
				CLANG_WARN_OBJC_IMPLICIT_RETAIN_SELF = YES;
				CLANG_WARN_OBJC_LITERAL_CONVERSION = YES;
				CLANG_WARN_OBJC_ROOT_CLASS = YES_ERROR;
				CLANG_WARN_QUOTED_INCLUDE_IN_FRAMEWORK_HEADER = YES;
				CLANG_WARN_RANGE_LOOP_ANALYSIS = YES;
				CLANG_WARN_STRICT_PROTOTYPES = YES;
				CLANG_WARN_SUSPICIOUS_MOVE = YES;
				CLANG_WARN_UNGUARDED_AVAILABILITY = YES_AGGRESSIVE;
				CLANG_WARN_UNREACHABLE_CODE = YES;
				CLANG_WARN__DUPLICATE_METHOD_MATCH = YES;
				COPY_PHASE_STRIP = NO;
				DEBUG_INFORMATION_FORMAT = dwarf;
				ENABLE_STRICT_OBJC_MSGSEND = YES;
				ENABLE_TESTABILITY = YES;
				ENABLE_USER_SCRIPT_SANDBOXING = YES;
				GCC_C_LANGUAGE_STANDARD = gnu17;
				GCC_DYNAMIC_NO_PIC = NO;
				GCC_NO_COMMON_BLOCKS = YES;
				GCC_OPTIMIZATION_LEVEL = 0;
				GCC_PREPROCESSOR_DEFINITIONS = (
					"DEBUG=1",
					"$(inherited)",
				);
				GCC_WARN_64_TO_32_BIT_CONVERSION = YES;
				GCC_WARN_ABOUT_RETURN_TYPE = YES_ERROR;
				GCC_WARN_UNDECLARED_SELECTOR = YES;
				GCC_WARN_UNINITIALIZED_AUTOS = YES_AGGRESSIVE;
				GCC_WARN_UNUSED_FUNCTION = YES;
				GCC_WARN_UNUSED_VARIABLE = YES;
				LOCALIZATION_PREFERS_STRING_CATALOGS = YES;
				MTL_ENABLE_DEBUG_INFO = INCLUDE_SOURCE;
				MTL_FAST_MATH = YES;
				ONLY_ACTIVE_ARCH = YES;
				SDKROOT = xros;
				SWIFT_ACTIVE_COMPILATION_CONDITIONS = "DEBUG $(inherited)";
				SWIFT_EMIT_LOC_STRINGS = YES;
				SWIFT_OPTIMIZATION_LEVEL = "-Onone";
				XROS_DEPLOYMENT_TARGET = 2.0;
			};
			name = Debug;
		};
		C4BB6FB02D1D0C2C00791CD8 /* Release */ = {
			isa = XCBuildConfiguration;
			buildSettings = {
				ALWAYS_SEARCH_USER_PATHS = NO;
				ASSETCATALOG_COMPILER_GENERATE_SWIFT_ASSET_SYMBOL_EXTENSIONS = YES;
				CLANG_ANALYZER_NONNULL = YES;
				CLANG_ANALYZER_NUMBER_OBJECT_CONVERSION = YES_AGGRESSIVE;
				CLANG_CXX_LANGUAGE_STANDARD = "gnu++20";
				CLANG_ENABLE_MODULES = YES;
				CLANG_ENABLE_OBJC_ARC = YES;
				CLANG_ENABLE_OBJC_WEAK = YES;
				CLANG_WARN_BLOCK_CAPTURE_AUTORELEASING = YES;
				CLANG_WARN_BOOL_CONVERSION = YES;
				CLANG_WARN_COMMA = YES;
				CLANG_WARN_CONSTANT_CONVERSION = YES;
				CLANG_WARN_DEPRECATED_OBJC_IMPLEMENTATIONS = YES;
				CLANG_WARN_DIRECT_OBJC_ISA_USAGE = YES_ERROR;
				CLANG_WARN_DOCUMENTATION_COMMENTS = YES;
				CLANG_WARN_EMPTY_BODY = YES;
				CLANG_WARN_ENUM_CONVERSION = YES;
				CLANG_WARN_INFINITE_RECURSION = YES;
				CLANG_WARN_INT_CONVERSION = YES;
				CLANG_WARN_NON_LITERAL_NULL_CONVERSION = YES;
				CLANG_WARN_OBJC_IMPLICIT_RETAIN_SELF = YES;
				CLANG_WARN_OBJC_LITERAL_CONVERSION = YES;
				CLANG_WARN_OBJC_ROOT_CLASS = YES_ERROR;
				CLANG_WARN_QUOTED_INCLUDE_IN_FRAMEWORK_HEADER = YES;
				CLANG_WARN_RANGE_LOOP_ANALYSIS = YES;
				CLANG_WARN_STRICT_PROTOTYPES = YES;
				CLANG_WARN_SUSPICIOUS_MOVE = YES;
				CLANG_WARN_UNGUARDED_AVAILABILITY = YES_AGGRESSIVE;
				CLANG_WARN_UNREACHABLE_CODE = YES;
				CLANG_WARN__DUPLICATE_METHOD_MATCH = YES;
				COPY_PHASE_STRIP = NO;
				DEBUG_INFORMATION_FORMAT = "dwarf-with-dsym";
				ENABLE_NS_ASSERTIONS = NO;
				ENABLE_STRICT_OBJC_MSGSEND = YES;
				ENABLE_USER_SCRIPT_SANDBOXING = YES;
				GCC_C_LANGUAGE_STANDARD = gnu17;
				GCC_NO_COMMON_BLOCKS = YES;
				GCC_WARN_64_TO_32_BIT_CONVERSION = YES;
				GCC_WARN_ABOUT_RETURN_TYPE = YES_ERROR;
				GCC_WARN_UNDECLARED_SELECTOR = YES;
				GCC_WARN_UNINITIALIZED_AUTOS = YES_AGGRESSIVE;
				GCC_WARN_UNUSED_FUNCTION = YES;
				GCC_WARN_UNUSED_VARIABLE = YES;
				LOCALIZATION_PREFERS_STRING_CATALOGS = YES;
				MTL_ENABLE_DEBUG_INFO = NO;
				MTL_FAST_MATH = YES;
				SDKROOT = xros;
				SWIFT_COMPILATION_MODE = wholemodule;
				SWIFT_EMIT_LOC_STRINGS = YES;
				VALIDATE_PRODUCT = YES;
				XROS_DEPLOYMENT_TARGET = 2.0;
			};
			name = Release;
		};
		C4BB6FB22D1D0C2C00791CD8 /* Debug */ = {
			isa = XCBuildConfiguration;
			buildSettings = {
				BUNDLE_LOADER = "$(TEST_HOST)";
				CODE_SIGN_STYLE = Automatic;
				CURRENT_PROJECT_VERSION = 1;
				DEVELOPMENT_TEAM = 235WS33SGP;
				GENERATE_INFOPLIST_FILE = YES;
				MARKETING_VERSION = 1.0;
				PRODUCT_BUNDLE_IDENTIFIER = jinhonn.com.DeskDrawTests;
				PRODUCT_NAME = "$(TARGET_NAME)";
				SUPPORTED_PLATFORMS = "xros xrsimulator";
				SWIFT_EMIT_LOC_STRINGS = NO;
				SWIFT_VERSION = 5.0;
				TARGETED_DEVICE_FAMILY = 7;
				TEST_HOST = "$(BUILT_PRODUCTS_DIR)/DeskDraw.app/$(BUNDLE_EXECUTABLE_FOLDER_PATH)/DeskDraw";
				XROS_DEPLOYMENT_TARGET = 2.0;
			};
			name = Debug;
		};
		C4BB6FB32D1D0C2C00791CD8 /* Release */ = {
			isa = XCBuildConfiguration;
			buildSettings = {
				BUNDLE_LOADER = "$(TEST_HOST)";
				CODE_SIGN_STYLE = Automatic;
				CURRENT_PROJECT_VERSION = 1;
				DEVELOPMENT_TEAM = 235WS33SGP;
				GENERATE_INFOPLIST_FILE = YES;
				MARKETING_VERSION = 1.0;
				PRODUCT_BUNDLE_IDENTIFIER = jinhonn.com.DeskDrawTests;
				PRODUCT_NAME = "$(TARGET_NAME)";
				SUPPORTED_PLATFORMS = "xros xrsimulator";
				SWIFT_EMIT_LOC_STRINGS = NO;
				SWIFT_VERSION = 5.0;
				TARGETED_DEVICE_FAMILY = 7;
				TEST_HOST = "$(BUILT_PRODUCTS_DIR)/DeskDraw.app/$(BUNDLE_EXECUTABLE_FOLDER_PATH)/DeskDraw";
				XROS_DEPLOYMENT_TARGET = 2.0;
			};
			name = Release;
		};
/* End XCBuildConfiguration section */

/* Begin XCConfigurationList section */
		C4BB6F852D1D0C2900791CD8 /* Build configuration list for PBXProject "DeskDraw" */ = {
			isa = XCConfigurationList;
			buildConfigurations = (
				C4BB6FAF2D1D0C2C00791CD8 /* Debug */,
				C4BB6FB02D1D0C2C00791CD8 /* Release */,
			);
			defaultConfigurationIsVisible = 0;
			defaultConfigurationName = Release;
		};
		C4BB6FAC2D1D0C2C00791CD8 /* Build configuration list for PBXNativeTarget "DeskDraw" */ = {
			isa = XCConfigurationList;
			buildConfigurations = (
				C4BB6FAD2D1D0C2C00791CD8 /* Debug */,
				C4BB6FAE2D1D0C2C00791CD8 /* Release */,
			);
			defaultConfigurationIsVisible = 0;
			defaultConfigurationName = Release;
		};
		C4BB6FB12D1D0C2C00791CD8 /* Build configuration list for PBXNativeTarget "DeskDrawTests" */ = {
			isa = XCConfigurationList;
			buildConfigurations = (
				C4BB6FB22D1D0C2C00791CD8 /* Debug */,
				C4BB6FB32D1D0C2C00791CD8 /* Release */,
			);
			defaultConfigurationIsVisible = 0;
			defaultConfigurationName = Release;
		};
/* End XCConfigurationList section */

/* Begin XCSwiftPackageProductDependency section */
		C4BB6F8F2D1D0C2900791CD8 /* RealityKitContent */ = {
			isa = XCSwiftPackageProductDependency;
			productName = RealityKitContent;
		};
/* End XCSwiftPackageProductDependency section */
	};
	rootObject = C4BB6F822D1D0C2900791CD8 /* Project object */;
}
